
Microsoft Visual Studio Solution File, Format Version 12.00
# Visual Studio Version 17
VisualStudioVersion = 17.8.34525.116
MinimumVisualStudioVersion = 10.0.40219.1
Project("{FAE04EC0-301F-11D3-BF4B-00C04F79EFBC}") = "BarbershopManagementSystem.WebUI", "BarbershopManagementSystem.WebUI\BarbershopManagementSystem.WebUI.csproj", "{6852A99E-7A57-4180-8979-7AFAB3D407AB}"
EndProject
Global
	GlobalSection(SolutionConfigurationPlatforms) = preSolution
		Debug|Any CPU = Debug|Any CPU
		Release|Any CPU = Release|Any CPU
	EndGlobalSection
	GlobalSection(ProjectConfigurationPlatforms) = postSolution
		{6852A99E-7A57-4180-8979-7AFAB3D407AB}.Debug|Any CPU.ActiveCfg = Debug|Any CPU
		{6852A99E-7A57-4180-8979-7AFAB3D407AB}.Debug|Any CPU.Build.0 = Debug|Any CPU
		{6852A99E-7A57-4180-8979-7AFAB3D407AB}.Release|Any CPU.ActiveCfg = Release|Any CPU
		{6852A99E-7A57-4180-8979-7AFAB3D407AB}.Release|Any CPU.Build.0 = Release|Any CPU
	EndGlobalSection
	GlobalSection(SolutionProperties) = preSolution
		HideSolutionNode = FALSE
	EndGlobalSection
	GlobalSection(ExtensibilityGlobals) = postSolution
		SolutionGuid = {3F94618C-9624-4978-BE4B-20B214093DD4}
	EndGlobalSection
EndGlobal
